// !$*UTF8*$!
{
	archiveVersion = 1;
	classes = {
	};
	objectVersion = 50;
	objects = {

/* Begin PBXBuildFile section */
		A7902C0D21C162A6005D2657 /* AppDelegate.swift in Sources */ = {isa = PBXBuildFile; fileRef = A7902C0C21C162A6005D2657 /* AppDelegate.swift */; };
		A7902C0F21C162A6005D2657 /* ViewController.swift in Sources */ = {isa = PBXBuildFile; fileRef = A7902C0E21C162A6005D2657 /* ViewController.swift */; };
		A7902C1221C162A6005D2657 /* Main.storyboard in Resources */ = {isa = PBXBuildFile; fileRef = A7902C1021C162A6005D2657 /* Main.storyboard */; };
		A7902C1421C162AB005D2657 /* Assets.xcassets in Resources */ = {isa = PBXBuildFile; fileRef = A7902C1321C162AB005D2657 /* Assets.xcassets */; };
		A7902C1721C162AB005D2657 /* LaunchScreen.storyboard in Resources */ = {isa = PBXBuildFile; fileRef = A7902C1521C162AB005D2657 /* LaunchScreen.storyboard */; };
		A7902C2221C162AB005D2657 /* PNRustfriAppTests.swift in Sources */ = {isa = PBXBuildFile; fileRef = A7902C2121C162AB005D2657 /* PNRustfriAppTests.swift */; };
		A7902C2D21C162AC005D2657 /* PNRustfriAppUITests.swift in Sources */ = {isa = PBXBuildFile; fileRef = A7902C2C21C162AC005D2657 /* PNRustfriAppUITests.swift */; };
/* End PBXBuildFile section */

/* Begin PBXContainerItemProxy section */
		A7902C1E21C162AB005D2657 /* PBXContainerItemProxy */ = {
			isa = PBXContainerItemProxy;
			containerPortal = A7902C0121C162A6005D2657 /* Project object */;
			proxyType = 1;
			remoteGlobalIDString = A7902C0821C162A6005D2657;
			remoteInfo = PNRustfriApp;
		};
		A7902C2921C162AC005D2657 /* PBXContainerItemProxy */ = {
			isa = PBXContainerItemProxy;
			containerPortal = A7902C0121C162A6005D2657 /* Project object */;
			proxyType = 1;
			remoteGlobalIDString = A7902C0821C162A6005D2657;
			remoteInfo = PNRustfriApp;
		};
/* End PBXContainerItemProxy section */

/* Begin PBXFileReference section */
		A7902C0921C162A6005D2657 /* PNRustfriApp.app */ = {isa = PBXFileReference; explicitFileType = wrapper.application; includeInIndex = 0; path = PNRustfriApp.app; sourceTree = BUILT_PRODUCTS_DIR; };
		A7902C0C21C162A6005D2657 /* AppDelegate.swift */ = {isa = PBXFileReference; lastKnownFileType = sourcecode.swift; path = AppDelegate.swift; sourceTree = "<group>"; };
		A7902C0E21C162A6005D2657 /* ViewController.swift */ = {isa = PBXFileReference; lastKnownFileType = sourcecode.swift; path = ViewController.swift; sourceTree = "<group>"; };
		A7902C1121C162A6005D2657 /* Base */ = {isa = PBXFileReference; lastKnownFileType = file.storyboard; name = Base; path = Base.lproj/Main.storyboard; sourceTree = "<group>"; };
		A7902C1321C162AB005D2657 /* Assets.xcassets */ = {isa = PBXFileReference; lastKnownFileType = folder.assetcatalog; path = Assets.xcassets; sourceTree = "<group>"; };
		A7902C1621C162AB005D2657 /* Base */ = {isa = PBXFileReference; lastKnownFileType = file.storyboard; name = Base; path = Base.lproj/LaunchScreen.storyboard; sourceTree = "<group>"; };
		A7902C1821C162AB005D2657 /* Info.plist */ = {isa = PBXFileReference; lastKnownFileType = text.plist.xml; path = Info.plist; sourceTree = "<group>"; };
		A7902C1D21C162AB005D2657 /* PNRustfriAppTests.xctest */ = {isa = PBXFileReference; explicitFileType = wrapper.cfbundle; includeInIndex = 0; path = PNRustfriAppTests.xctest; sourceTree = BUILT_PRODUCTS_DIR; };
		A7902C2121C162AB005D2657 /* PNRustfriAppTests.swift */ = {isa = PBXFileReference; lastKnownFileType = sourcecode.swift; path = PNRustfriAppTests.swift; sourceTree = "<group>"; };
		A7902C2321C162AC005D2657 /* Info.plist */ = {isa = PBXFileReference; lastKnownFileType = text.plist.xml; path = Info.plist; sourceTree = "<group>"; };
		A7902C2821C162AC005D2657 /* PNRustfriAppUITests.xctest */ = {isa = PBXFileReference; explicitFileType = wrapper.cfbundle; includeInIndex = 0; path = PNRustfriAppUITests.xctest; sourceTree = BUILT_PRODUCTS_DIR; };
		A7902C2C21C162AC005D2657 /* PNRustfriAppUITests.swift */ = {isa = PBXFileReference; lastKnownFileType = sourcecode.swift; path = PNRustfriAppUITests.swift; sourceTree = "<group>"; };
		A7902C2E21C162AC005D2657 /* Info.plist */ = {isa = PBXFileReference; lastKnownFileType = text.plist.xml; path = Info.plist; sourceTree = "<group>"; };
/* End PBXFileReference section */

/* Begin PBXFrameworksBuildPhase section */
		A7902C0621C162A6005D2657 /* Frameworks */ = {
			isa = PBXFrameworksBuildPhase;
			buildActionMask = 2147483647;
			files = (
			);
			runOnlyForDeploymentPostprocessing = 0;
		};
		A7902C1A21C162AB005D2657 /* Frameworks */ = {
			isa = PBXFrameworksBuildPhase;
			buildActionMask = 2147483647;
			files = (
			);
			runOnlyForDeploymentPostprocessing = 0;
		};
		A7902C2521C162AC005D2657 /* Frameworks */ = {
			isa = PBXFrameworksBuildPhase;
			buildActionMask = 2147483647;
			files = (
			);
			runOnlyForDeploymentPostprocessing = 0;
		};
/* End PBXFrameworksBuildPhase section */

/* Begin PBXGroup section */
		A7902C0021C162A6005D2657 = {
			isa = PBXGroup;
			children = (
				A7902C0B21C162A6005D2657 /* PNRustfriApp */,
				A7902C2021C162AB005D2657 /* PNRustfriAppTests */,
				A7902C2B21C162AC005D2657 /* PNRustfriAppUITests */,
				A7902C0A21C162A6005D2657 /* Products */,
			);
			sourceTree = "<group>";
		};
		A7902C0A21C162A6005D2657 /* Products */ = {
			isa = PBXGroup;
			children = (
				A7902C0921C162A6005D2657 /* PNRustfriApp.app */,
				A7902C1D21C162AB005D2657 /* PNRustfriAppTests.xctest */,
				A7902C2821C162AC005D2657 /* PNRustfriAppUITests.xctest */,
			);
			name = Products;
			sourceTree = "<group>";
		};
		A7902C0B21C162A6005D2657 /* PNRustfriApp */ = {
			isa = PBXGroup;
			children = (
				A7902C0C21C162A6005D2657 /* AppDelegate.swift */,
				A7902C0E21C162A6005D2657 /* ViewController.swift */,
				A7902C1021C162A6005D2657 /* Main.storyboard */,
				A7902C1321C162AB005D2657 /* Assets.xcassets */,
				A7902C1521C162AB005D2657 /* LaunchScreen.storyboard */,
				A7902C1821C162AB005D2657 /* Info.plist */,
			);
			path = PNRustfriApp;
			sourceTree = "<group>";
		};
		A7902C2021C162AB005D2657 /* PNRustfriAppTests */ = {
			isa = PBXGroup;
			children = (
				A7902C2121C162AB005D2657 /* PNRustfriAppTests.swift */,
				A7902C2321C162AC005D2657 /* Info.plist */,
			);
			path = PNRustfriAppTests;
			sourceTree = "<group>";
		};
		A7902C2B21C162AC005D2657 /* PNRustfriAppUITests */ = {
			isa = PBXGroup;
			children = (
				A7902C2C21C162AC005D2657 /* PNRustfriAppUITests.swift */,
				A7902C2E21C162AC005D2657 /* Info.plist */,
			);
			path = PNRustfriAppUITests;
			sourceTree = "<group>";
		};
/* End PBXGroup section */

/* Begin PBXNativeTarget section */
		A7902C0821C162A6005D2657 /* PNRustfriApp */ = {
			isa = PBXNativeTarget;
			buildConfigurationList = A7902C3121C162AC005D2657 /* Build configuration list for PBXNativeTarget "PNRustfriApp" */;
			buildPhases = (
				A7902C0521C162A6005D2657 /* Sources */,
				A7902C0621C162A6005D2657 /* Frameworks */,
				A7902C0721C162A6005D2657 /* Resources */,
			);
			buildRules = (
			);
			dependencies = (
			);
			name = PNRustfriApp;
			productName = PNRustfriApp;
			productReference = A7902C0921C162A6005D2657 /* PNRustfriApp.app */;
			productType = "com.apple.product-type.application";
		};
		A7902C1C21C162AB005D2657 /* PNRustfriAppTests */ = {
			isa = PBXNativeTarget;
			buildConfigurationList = A7902C3421C162AC005D2657 /* Build configuration list for PBXNativeTarget "PNRustfriAppTests" */;
			buildPhases = (
				A7902C1921C162AB005D2657 /* Sources */,
				A7902C1A21C162AB005D2657 /* Frameworks */,
				A7902C1B21C162AB005D2657 /* Resources */,
			);
			buildRules = (
			);
			dependencies = (
				A7902C1F21C162AB005D2657 /* PBXTargetDependency */,
			);
			name = PNRustfriAppTests;
			productName = PNRustfriAppTests;
			productReference = A7902C1D21C162AB005D2657 /* PNRustfriAppTests.xctest */;
			productType = "com.apple.product-type.bundle.unit-test";
		};
		A7902C2721C162AC005D2657 /* PNRustfriAppUITests */ = {
			isa = PBXNativeTarget;
			buildConfigurationList = A7902C3721C162AC005D2657 /* Build configuration list for PBXNativeTarget "PNRustfriAppUITests" */;
			buildPhases = (
				A7902C2421C162AC005D2657 /* Sources */,
				A7902C2521C162AC005D2657 /* Frameworks */,
				A7902C2621C162AC005D2657 /* Resources */,
			);
			buildRules = (
			);
			dependencies = (
				A7902C2A21C162AC005D2657 /* PBXTargetDependency */,
			);
			name = PNRustfriAppUITests;
			productName = PNRustfriAppUITests;
			productReference = A7902C2821C162AC005D2657 /* PNRustfriAppUITests.xctest */;
			productType = "com.apple.product-type.bundle.ui-testing";
		};
/* End PBXNativeTarget section */

/* Begin PBXProject section */
		A7902C0121C162A6005D2657 /* Project object */ = {
			isa = PBXProject;
			attributes = {
				LastSwiftUpdateCheck = 1010;
				LastUpgradeCheck = 1010;
				ORGANIZATIONNAME = Casper;
				TargetAttributes = {
					A7902C0821C162A6005D2657 = {
						CreatedOnToolsVersion = 10.1;
					};
					A7902C1C21C162AB005D2657 = {
						CreatedOnToolsVersion = 10.1;
						TestTargetID = A7902C0821C162A6005D2657;
					};
					A7902C2721C162AC005D2657 = {
						CreatedOnToolsVersion = 10.1;
						TestTargetID = A7902C0821C162A6005D2657;
					};
				};
			};
			buildConfigurationList = A7902C0421C162A6005D2657 /* Build configuration list for PBXProject "PNRustfriApp" */;
			compatibilityVersion = "Xcode 9.3";
			developmentRegion = en;
			hasScannedForEncodings = 0;
			knownRegions = (
				en,
				Base,
			);
			mainGroup = A7902C0021C162A6005D2657;
			productRefGroup = A7902C0A21C162A6005D2657 /* Products */;
			projectDirPath = "";
			projectRoot = "";
			targets = (
				A7902C0821C162A6005D2657 /* PNRustfriApp */,
				A7902C1C21C162AB005D2657 /* PNRustfriAppTests */,
				A7902C2721C162AC005D2657 /* PNRustfriAppUITests */,
			);
		};
/* End PBXProject section */

/* Begin PBXResourcesBuildPhase section */
		A7902C0721C162A6005D2657 /* Resources */ = {
			isa = PBXResourcesBuildPhase;
			buildActionMask = 2147483647;
			files = (
				A7902C1721C162AB005D2657 /* LaunchScreen.storyboard in Resources */,
				A7902C1421C162AB005D2657 /* Assets.xcassets in Resources */,
				A7902C1221C162A6005D2657 /* Main.storyboard in Resources */,
			);
			runOnlyForDeploymentPostprocessing = 0;
		};
		A7902C1B21C162AB005D2657 /* Resources */ = {
			isa = PBXResourcesBuildPhase;
			buildActionMask = 2147483647;
			files = (
			);
			runOnlyForDeploymentPostprocessing = 0;
		};
		A7902C2621C162AC005D2657 /* Resources */ = {
			isa = PBXResourcesBuildPhase;
			buildActionMask = 2147483647;
			files = (
			);
			runOnlyForDeploymentPostprocessing = 0;
		};
/* End PBXResourcesBuildPhase section */

/* Begin PBXSourcesBuildPhase section */
		A7902C0521C162A6005D2657 /* Sources */ = {
			isa = PBXSourcesBuildPhase;
			buildActionMask = 2147483647;
			files = (
				A7902C0F21C162A6005D2657 /* ViewController.swift in Sources */,
				A7902C0D21C162A6005D2657 /* AppDelegate.swift in Sources */,
			);
			runOnlyForDeploymentPostprocessing = 0;
		};
		A7902C1921C162AB005D2657 /* Sources */ = {
			isa = PBXSourcesBuildPhase;
			buildActionMask = 2147483647;
			files = (
				A7902C2221C162AB005D2657 /* PNRustfriAppTests.swift in Sources */,
			);
			runOnlyForDeploymentPostprocessing = 0;
		};
		A7902C2421C162AC005D2657 /* Sources */ = {
			isa = PBXSourcesBuildPhase;
			buildActionMask = 2147483647;
			files = (
				A7902C2D21C162AC005D2657 /* PNRustfriAppUITests.swift in Sources */,
			);
			runOnlyForDeploymentPostprocessing = 0;
		};
/* End PBXSourcesBuildPhase section */

/* Begin PBXTargetDependency section */
		A7902C1F21C162AB005D2657 /* PBXTargetDependency */ = {
			isa = PBXTargetDependency;
			target = A7902C0821C162A6005D2657 /* PNRustfriApp */;
			targetProxy = A7902C1E21C162AB005D2657 /* PBXContainerItemProxy */;
		};
		A7902C2A21C162AC005D2657 /* PBXTargetDependency */ = {
			isa = PBXTargetDependency;
			target = A7902C0821C162A6005D2657 /* PNRustfriApp */;
			targetProxy = A7902C2921C162AC005D2657 /* PBXContainerItemProxy */;
		};
/* End PBXTargetDependency section */

/* Begin PBXVariantGroup section */
		A7902C1021C162A6005D2657 /* Main.storyboard */ = {
			isa = PBXVariantGroup;
			children = (
				A7902C1121C162A6005D2657 /* Base */,
			);
			name = Main.storyboard;
			sourceTree = "<group>";
		};
		A7902C1521C162AB005D2657 /* LaunchScreen.storyboard */ = {
			isa = PBXVariantGroup;
			children = (
				A7902C1621C162AB005D2657 /* Base */,
			);
			name = LaunchScreen.storyboard;
			sourceTree = "<group>";
		};
/* End PBXVariantGroup section */

/* Begin XCBuildConfiguration section */
		A7902C2F21C162AC005D2657 /* Debug */ = {
			isa = XCBuildConfiguration;
			buildSettings = {
				ALWAYS_SEARCH_USER_PATHS = NO;
				CLANG_ANALYZER_NONNULL = YES;
				CLANG_ANALYZER_NUMBER_OBJECT_CONVERSION = YES_AGGRESSIVE;
				CLANG_CXX_LANGUAGE_STANDARD = "gnu++14";
				CLANG_CXX_LIBRARY = "libc++";
				CLANG_ENABLE_MODULES = YES;
				CLANG_ENABLE_OBJC_ARC = YES;
				CLANG_ENABLE_OBJC_WEAK = YES;
				CLANG_WARN_BLOCK_CAPTURE_AUTORELEASING = YES;
				CLANG_WARN_BOOL_CONVERSION = YES;
				CLANG_WARN_COMMA = YES;
				CLANG_WARN_CONSTANT_CONVERSION = YES;
				CLANG_WARN_DEPRECATED_OBJC_IMPLEMENTATIONS = YES;
				CLANG_WARN_DIRECT_OBJC_ISA_USAGE = YES_ERROR;
				CLANG_WARN_DOCUMENTATION_COMMENTS = YES;
				CLANG_WARN_EMPTY_BODY = YES;
				CLANG_WARN_ENUM_CONVERSION = YES;
				CLANG_WARN_INFINITE_RECURSION = YES;
				CLANG_WARN_INT_CONVERSION = YES;
				CLANG_WARN_NON_LITERAL_NULL_CONVERSION = YES;
				CLANG_WARN_OBJC_IMPLICIT_RETAIN_SELF = YES;
				CLANG_WARN_OBJC_LITERAL_CONVERSION = YES;
				CLANG_WARN_OBJC_ROOT_CLASS = YES_ERROR;
				CLANG_WARN_RANGE_LOOP_ANALYSIS = YES;
				CLANG_WARN_STRICT_PROTOTYPES = YES;
				CLANG_WARN_SUSPICIOUS_MOVE = YES;
				CLANG_WARN_UNGUARDED_AVAILABILITY = YES_AGGRESSIVE;
				CLANG_WARN_UNREACHABLE_CODE = YES;
				CLANG_WARN__DUPLICATE_METHOD_MATCH = YES;
				CODE_SIGN_IDENTITY = "iPhone Developer";
				COPY_PHASE_STRIP = NO;
				DEBUG_INFORMATION_FORMAT = dwarf;
				ENABLE_STRICT_OBJC_MSGSEND = YES;
				ENABLE_TESTABILITY = YES;
				GCC_C_LANGUAGE_STANDARD = gnu11;
				GCC_DYNAMIC_NO_PIC = NO;
				GCC_NO_COMMON_BLOCKS = YES;
				GCC_OPTIMIZATION_LEVEL = 0;
				GCC_PREPROCESSOR_DEFINITIONS = (
					"DEBUG=1",
					"$(inherited)",
				);
				GCC_WARN_64_TO_32_BIT_CONVERSION = YES;
				GCC_WARN_ABOUT_RETURN_TYPE = YES_ERROR;
				GCC_WARN_UNDECLARED_SELECTOR = YES;
				GCC_WARN_UNINITIALIZED_AUTOS = YES_AGGRESSIVE;
				GCC_WARN_UNUSED_FUNCTION = YES;
				GCC_WARN_UNUSED_VARIABLE = YES;
				IPHONEOS_DEPLOYMENT_TARGET = 12.1;
				MTL_ENABLE_DEBUG_INFO = INCLUDE_SOURCE;
				MTL_FAST_MATH = YES;
				ONLY_ACTIVE_ARCH = YES;
				SDKROOT = iphoneos;
				SWIFT_ACTIVE_COMPILATION_CONDITIONS = DEBUG;
				SWIFT_OPTIMIZATION_LEVEL = "-Onone";
			};
			name = Debug;
		};
		A7902C3021C162AC005D2657 /* Release */ = {
			isa = XCBuildConfiguration;
			buildSettings = {
				ALWAYS_SEARCH_USER_PATHS = NO;
				CLANG_ANALYZER_NONNULL = YES;
				CLANG_ANALYZER_NUMBER_OBJECT_CONVERSION = YES_AGGRESSIVE;
				CLANG_CXX_LANGUAGE_STANDARD = "gnu++14";
				CLANG_CXX_LIBRARY = "libc++";
				CLANG_ENABLE_MODULES = YES;
				CLANG_ENABLE_OBJC_ARC = YES;
				CLANG_ENABLE_OBJC_WEAK = YES;
				CLANG_WARN_BLOCK_CAPTURE_AUTORELEASING = YES;
				CLANG_WARN_BOOL_CONVERSION = YES;
				CLANG_WARN_COMMA = YES;
				CLANG_WARN_CONSTANT_CONVERSION = YES;
				CLANG_WARN_DEPRECATED_OBJC_IMPLEMENTATIONS = YES;
				CLANG_WARN_DIRECT_OBJC_ISA_USAGE = YES_ERROR;
				CLANG_WARN_DOCUMENTATION_COMMENTS = YES;
				CLANG_WARN_EMPTY_BODY = YES;
				CLANG_WARN_ENUM_CONVERSION = YES;
				CLANG_WARN_INFINITE_RECURSION = YES;
				CLANG_WARN_INT_CONVERSION = YES;
				CLANG_WARN_NON_LITERAL_NULL_CONVERSION = YES;
				CLANG_WARN_OBJC_IMPLICIT_RETAIN_SELF = YES;
				CLANG_WARN_OBJC_LITERAL_CONVERSION = YES;
				CLANG_WARN_OBJC_ROOT_CLASS = YES_ERROR;
				CLANG_WARN_RANGE_LOOP_ANALYSIS = YES;
				CLANG_WARN_STRICT_PROTOTYPES = YES;
				CLANG_WARN_SUSPICIOUS_MOVE = YES;
				CLANG_WARN_UNGUARDED_AVAILABILITY = YES_AGGRESSIVE;
				CLANG_WARN_UNREACHABLE_CODE = YES;
				CLANG_WARN__DUPLICATE_METHOD_MATCH = YES;
				CODE_SIGN_IDENTITY = "iPhone Developer";
				COPY_PHASE_STRIP = NO;
				DEBUG_INFORMATION_FORMAT = "dwarf-with-dsym";
				ENABLE_NS_ASSERTIONS = NO;
				ENABLE_STRICT_OBJC_MSGSEND = YES;
				GCC_C_LANGUAGE_STANDARD = gnu11;
				GCC_NO_COMMON_BLOCKS = YES;
				GCC_WARN_64_TO_32_BIT_CONVERSION = YES;
				GCC_WARN_ABOUT_RETURN_TYPE = YES_ERROR;
				GCC_WARN_UNDECLARED_SELECTOR = YES;
				GCC_WARN_UNINITIALIZED_AUTOS = YES_AGGRESSIVE;
				GCC_WARN_UNUSED_FUNCTION = YES;
				GCC_WARN_UNUSED_VARIABLE = YES;
				IPHONEOS_DEPLOYMENT_TARGET = 12.1;
				MTL_ENABLE_DEBUG_INFO = NO;
				MTL_FAST_MATH = YES;
				SDKROOT = iphoneos;
				SWIFT_COMPILATION_MODE = wholemodule;
				SWIFT_OPTIMIZATION_LEVEL = "-O";
				VALIDATE_PRODUCT = YES;
			};
			name = Release;
		};
		A7902C3221C162AC005D2657 /* Debug */ = {
			isa = XCBuildConfiguration;
			buildSettings = {
				ASSETCATALOG_COMPILER_APPICON_NAME = AppIcon;
				CODE_SIGN_STYLE = Automatic;
				INFOPLIST_FILE = PNRustfriApp/Info.plist;
				LD_RUNPATH_SEARCH_PATHS = (
					"$(inherited)",
					"@executable_path/Frameworks",
				);
				PRODUCT_BUNDLE_IDENTIFIER = rustfri.PNRustfriApp;
				PRODUCT_NAME = "$(TARGET_NAME)";
				SWIFT_VERSION = 4.2;
				TARGETED_DEVICE_FAMILY = "1,2";
			};
			name = Debug;
		};
		A7902C3321C162AC005D2657 /* Release */ = {
			isa = XCBuildConfiguration;
			buildSettings = {
				ASSETCATALOG_COMPILER_APPICON_NAME = AppIcon;
				CODE_SIGN_STYLE = Automatic;
				INFOPLIST_FILE = PNRustfriApp/Info.plist;
				LD_RUNPATH_SEARCH_PATHS = (
					"$(inherited)",
					"@executable_path/Frameworks",
				);
				PRODUCT_BUNDLE_IDENTIFIER = rustfri.PNRustfriApp;
				PRODUCT_NAME = "$(TARGET_NAME)";
				SWIFT_VERSION = 4.2;
				TARGETED_DEVICE_FAMILY = "1,2";
			};
			name = Release;
		};
		A7902C3521C162AC005D2657 /* Debug */ = {
			isa = XCBuildConfiguration;
			buildSettings = {
				ALWAYS_EMBED_SWIFT_STANDARD_LIBRARIES = YES;
				BUNDLE_LOADER = "$(TEST_HOST)";
				CODE_SIGN_STYLE = Automatic;
				INFOPLIST_FILE = PNRustfriAppTests/Info.plist;
				LD_RUNPATH_SEARCH_PATHS = (
					"$(inherited)",
					"@executable_path/Frameworks",
					"@loader_path/Frameworks",
				);
				PRODUCT_BUNDLE_IDENTIFIER = rustfri.PNRustfriAppTests;
				PRODUCT_NAME = "$(TARGET_NAME)";
				SWIFT_VERSION = 4.2;
				TARGETED_DEVICE_FAMILY = "1,2";
				TEST_HOST = "$(BUILT_PRODUCTS_DIR)/PNRustfriApp.app/PNRustfriApp";
			};
			name = Debug;
		};
		A7902C3621C162AC005D2657 /* Release */ = {
			isa = XCBuildConfiguration;
			buildSettings = {
				ALWAYS_EMBED_SWIFT_STANDARD_LIBRARIES = YES;
				BUNDLE_LOADER = "$(TEST_HOST)";
				CODE_SIGN_STYLE = Automatic;
				INFOPLIST_FILE = PNRustfriAppTests/Info.plist;
				LD_RUNPATH_SEARCH_PATHS = (
					"$(inherited)",
					"@executable_path/Frameworks",
					"@loader_path/Frameworks",
				);
				PRODUCT_BUNDLE_IDENTIFIER = rustfri.PNRustfriAppTests;
				PRODUCT_NAME = "$(TARGET_NAME)";
				SWIFT_VERSION = 4.2;
				TARGETED_DEVICE_FAMILY = "1,2";
				TEST_HOST = "$(BUILT_PRODUCTS_DIR)/PNRustfriApp.app/PNRustfriApp";
			};
			name = Release;
		};
		A7902C3821C162AC005D2657 /* Debug */ = {
			isa = XCBuildConfiguration;
			buildSettings = {
				ALWAYS_EMBED_SWIFT_STANDARD_LIBRARIES = YES;
				CODE_SIGN_STYLE = Automatic;
				INFOPLIST_FILE = PNRustfriAppUITests/Info.plist;
				LD_RUNPATH_SEARCH_PATHS = (
					"$(inherited)",
					"@executable_path/Frameworks",
					"@loader_path/Frameworks",
				);
				PRODUCT_BUNDLE_IDENTIFIER = rustfri.PNRustfriAppUITests;
				PRODUCT_NAME = "$(TARGET_NAME)";
				SWIFT_VERSION = 4.2;
				TARGETED_DEVICE_FAMILY = "1,2";
				TEST_TARGET_NAME = PNRustfriApp;
			};
			name = Debug;
		};
		A7902C3921C162AC005D2657 /* Release */ = {
			isa = XCBuildConfiguration;
			buildSettings = {
				ALWAYS_EMBED_SWIFT_STANDARD_LIBRARIES = YES;
				CODE_SIGN_STYLE = Automatic;
				INFOPLIST_FILE = PNRustfriAppUITests/Info.plist;
				LD_RUNPATH_SEARCH_PATHS = (
					"$(inherited)",
					"@executable_path/Frameworks",
					"@loader_path/Frameworks",
				);
				PRODUCT_BUNDLE_IDENTIFIER = rustfri.PNRustfriAppUITests;
				PRODUCT_NAME = "$(TARGET_NAME)";
				SWIFT_VERSION = 4.2;
				TARGETED_DEVICE_FAMILY = "1,2";
				TEST_TARGET_NAME = PNRustfriApp;
			};
			name = Release;
		};
/* End XCBuildConfiguration section */

/* Begin XCConfigurationList section */
		A7902C0421C162A6005D2657 /* Build configuration list for PBXProject "PNRustfriApp" */ = {
			isa = XCConfigurationList;
			buildConfigurations = (
				A7902C2F21C162AC005D2657 /* Debug */,
				A7902C3021C162AC005D2657 /* Release */,
			);
			defaultConfigurationIsVisible = 0;
			defaultConfigurationName = Release;
		};
		A7902C3121C162AC005D2657 /* Build configuration list for PBXNativeTarget "PNRustfriApp" */ = {
			isa = XCConfigurationList;
			buildConfigurations = (
				A7902C3221C162AC005D2657 /* Debug */,
				A7902C3321C162AC005D2657 /* Release */,
			);
			defaultConfigurationIsVisible = 0;
			defaultConfigurationName = Release;
		};
		A7902C3421C162AC005D2657 /* Build configuration list for PBXNativeTarget "PNRustfriAppTests" */ = {
			isa = XCConfigurationList;
			buildConfigurations = (
				A7902C3521C162AC005D2657 /* Debug */,
				A7902C3621C162AC005D2657 /* Release */,
			);
			defaultConfigurationIsVisible = 0;
			defaultConfigurationName = Release;
		};
		A7902C3721C162AC005D2657 /* Build configuration list for PBXNativeTarget "PNRustfriAppUITests" */ = {
			isa = XCConfigurationList;
			buildConfigurations = (
				A7902C3821C162AC005D2657 /* Debug */,
				A7902C3921C162AC005D2657 /* Release */,
			);
			defaultConfigurationIsVisible = 0;
			defaultConfigurationName = Release;
		};
/* End XCConfigurationList section */
	};
	rootObject = A7902C0121C162A6005D2657 /* Project object */;
}
